
Microsoft Visual Studio Solution File, Format Version 12.00
# Visual Studio Version 17
VisualStudioVersion = 17.14.36414.22 d17.14
MinimumVisualStudioVersion = 10.0.40219.1
Project("{FAE04EC0-301F-11D3-BF4B-00C04F79EFBC}") = "WebApplication1", "WebApplication1.csproj", "{048CDD79-10A3-40E2-9AE6-C89A4671B2CA}"
EndProject
Global
	GlobalSection(SolutionConfigurationPlatforms) = preSolution
		Debug|Any CPU = Debug|Any CPU
		Release|Any CPU = Release|Any CPU
	EndGlobalSection
	GlobalSection(ProjectConfigurationPlatforms) = postSolution
		{048CDD79-10A3-40E2-9AE6-C89A4671B2CA}.Debug|Any CPU.ActiveCfg = Debug|Any CPU
		{048CDD79-10A3-40E2-9AE6-C89A4671B2CA}.Debug|Any CPU.Build.0 = Debug|Any CPU
		{048CDD79-10A3-40E2-9AE6-C89A4671B2CA}.Release|Any CPU.ActiveCfg = Release|Any CPU
		{048CDD79-10A3-40E2-9AE6-C89A4671B2CA}.Release|Any CPU.Build.0 = Release|Any CPU
	EndGlobalSection
	GlobalSection(SolutionProperties) = preSolution
		HideSolutionNode = FALSE
	EndGlobalSection
	GlobalSection(ExtensibilityGlobals) = postSolution
		SolutionGuid = {00928DE4-5DAA-4222-BC95-248C9B83B112}
	EndGlobalSection
EndGlobal
